{
  "R": {
    "Version": "4.5.1",
    "Repositories": [
      {
        "Name": "CRAN",
        "URL": "https://cloud.r-project.org"
      },
      {
        "Name": "Bioconductor",
        "URL": "https://bioconductor.org/packages/3.21/bioc"
      }
    ]
  },
  "Bioconductor": {
    "Version": "3.21"
  },
  "Packages": {
    "dplyr": {
      "Package": "dplyr",
      "Version": "1.1.4",
      "Source": "Repository",
      "Repository": "CRAN",
      "Requirements": []
    },
    "data.table": {
      "Package": "data.table",
      "Version": "1.17.8",
      "Source": "Repository",
      "Repository": "CRAN",
      "Requirements": []
    },
    "ggplot2": {
      "Package": "ggplot2",
      "Version": "3.5.2",
      "Source": "Repository",
      "Repository": "CRAN",
      "Requirements": []
    },
    "patchwork": {
      "Package": "patchwork",
      "Version": "1.3.1",
      "Source": "Repository",
      "Repository": "CRAN",
      "Requirements": []
    },
    "cowplot": {
      "Package": "cowplot",
      "Version": "1.2.0",
      "Source": "Repository",
      "Repository": "CRAN",
      "Requirements": []
    },
    "ggrepel": {
      "Package": "ggrepel",
      "Version": "0.9.6",
      "Source": "Repository",
      "Repository": "CRAN",
      "Requirements": []
    },
    "tidytext": {
      "Package": "tidytext",
      "Version": "0.4.3",
      "Source": "Repository",
      "Repository": "CRAN",
      "Requirements": []
    },
    "scales": {
      "Package": "scales",
      "Version": "1.4.0",
      "Source": "Repository",
      "Repository": "CRAN",
      "Requirements": []
    },
    "readr": {
      "Package": "readr",
      "Version": "2.1.5",
      "Source": "Repository",
      "Repository": "CRAN",
      "Requirements": []
    },
    "purrr": {
      "Package": "purrr",
      "Version": "1.1.0",
      "Source": "Repository",
      "Repository": "CRAN",
      "Requirements": []
    },
    "tidyr": {
      "Package": "tidyr",
      "Version": "1.3.1",
      "Source": "Repository",
      "Repository": "CRAN",
      "Requirements": []
    },
    "stringr": {
      "Package": "stringr",
      "Version": "1.5.1",
      "Source": "Repository",
      "Repository": "CRAN",
      "Requirements": []
    },
    "openxlsx": {
      "Package": "openxlsx",
      "Version": "4.2.8",
      "Source": "Repository",
      "Repository": "CRAN",
      "Requirements": []
    },
    "randomForest": {
      "Package": "randomForest",
      "Version": "4.7.1.2",
      "Source": "Repository",
      "Repository": "CRAN",
      "Requirements": []
    },
    "corrplot": {
      "Package": "corrplot",
      "Version": "0.95",
      "Source": "Repository",
      "Repository": "CRAN",
      "Requirements": []
    },
    "Hmisc": {
      "Package": "Hmisc",
      "Version": "5.2.4",
      "Source": "Repository",
      "Repository": "CRAN",
      "Requirements": []
    },
    "svglite": {
      "Package": "svglite",
      "Version": "2.2.1",
      "Source": "Repository",
      "Repository": "CRAN",
      "Requirements": []
    },
    "precrec": {
      "Package": "precrec",
      "Version": "0.14.5",
      "Source": "Repository",
      "Repository": "CRAN",
      "Requirements": []
    },
    "Biostrings": {
      "Package": "Biostrings",
      "Version": "2.76.0",
      "Source": "Bioconductor",
      "Repository": "Bioconductor",
      "Requirements": []
    },
    "GenomicRanges": {
      "Package": "GenomicRanges",
      "Version": "1.60.0",
      "Source": "Bioconductor",
      "Repository": "Bioconductor",
      "Requirements": []
    },
    "GenomicFeatures": {
      "Package": "GenomicFeatures",
      "Version": "1.60.0",
      "Source": "Bioconductor",
      "Repository": "Bioconductor",
      "Requirements": []
    },
    "GenomeInfoDb": {
      "Package": "GenomeInfoDb",
      "Version": "1.44.1",
      "Source": "Bioconductor",
      "Repository": "Bioconductor",
      "Requirements": []
    },
    "AnnotationDbi": {
      "Package": "AnnotationDbi",
      "Version": "1.70.0",
      "Source": "Bioconductor",
      "Repository": "Bioconductor",
      "Requirements": []
    },
    "ShortRead": {
      "Package": "ShortRead",
      "Version": "1.66.0",
      "Source": "Bioconductor",
      "Repository": "Bioconductor",
      "Requirements": []
    },
    "Matrix": {
      "Package": "Matrix",
      "Version": "1.7.3",
      "Source": "Repository",
      "Repository": "CRAN",
      "Requirements": []
    },
    "RColorBrewer": {
      "Package": "RColorBrewer",
      "Version": "1.1.3",
      "Source": "Repository",
      "Repository": "CRAN",
      "Requirements": []
    },
    "colorspace": {
      "Package": "colorspace",
      "Version": "2.1.1",
      "Source": "Repository",
      "Repository": "CRAN",
      "Requirements": []
    },
    "forcats": {
      "Package": "forcats",
      "Version": "1.0.0",
      "Source": "Repository",
      "Repository": "CRAN",
      "Requirements": []
    },
    "tibble": {
      "Package": "tibble",
      "Version": "3.3.0",
      "Source": "Repository",
      "Repository": "CRAN",
      "Requirements": []
    }
  }
}
